
Microsoft Visual Studio Solution File, Format Version 12.00
# Visual Studio Version 17
VisualStudioVersion = 17.13.35617.110 d17.13
MinimumVisualStudioVersion = 10.0.40219.1
Project("{FAE04EC0-301F-11D3-BF4B-00C04F79EFBC}") = "StartExeWithWorkdirAndOutput", "StartExeWithWorkdirAndOutput.csproj", "{DB621C2D-C761-4B79-9747-8909FAF28EA7}"
EndProject
Global
	GlobalSection(SolutionConfigurationPlatforms) = preSolution
		Debug|Any CPU = Debug|Any CPU
		Release|Any CPU = Release|Any CPU
	EndGlobalSection
	GlobalSection(ProjectConfigurationPlatforms) = postSolution
		{DB621C2D-C761-4B79-9747-8909FAF28EA7}.Debug|Any CPU.ActiveCfg = Debug|Any CPU
		{DB621C2D-C761-4B79-9747-8909FAF28EA7}.Debug|Any CPU.Build.0 = Debug|Any CPU
		{DB621C2D-C761-4B79-9747-8909FAF28EA7}.Release|Any CPU.ActiveCfg = Release|Any CPU
		{DB621C2D-C761-4B79-9747-8909FAF28EA7}.Release|Any CPU.Build.0 = Release|Any CPU
	EndGlobalSection
	GlobalSection(SolutionProperties) = preSolution
		HideSolutionNode = FALSE
	EndGlobalSection
	GlobalSection(ExtensibilityGlobals) = postSolution
		SolutionGuid = {3B46F071-7159-4E98-A6B5-0ED6E48E9FDD}
	EndGlobalSection
EndGlobal
